
Microsoft Visual Studio Solution File, Format Version 12.00
# Visual Studio Version 16
VisualStudioVersion = 16.0.30320.27
MinimumVisualStudioVersion = 10.0.40219.1
Project("{FAE04EC0-301F-11D3-BF4B-00C04F79EFBC}") = "Multiservicios", "Multiservicios\Multiservicios.csproj", "{ECF1984F-663D-4D45-AFDA-44049FBB2732}"
EndProject
Global
	GlobalSection(SolutionConfigurationPlatforms) = preSolution
		Debug|Any CPU = Debug|Any CPU
		Release|Any CPU = Release|Any CPU
	EndGlobalSection
	GlobalSection(ProjectConfigurationPlatforms) = postSolution
		{ECF1984F-663D-4D45-AFDA-44049FBB2732}.Debug|Any CPU.ActiveCfg = Debug|Any CPU
		{ECF1984F-663D-4D45-AFDA-44049FBB2732}.Debug|Any CPU.Build.0 = Debug|Any CPU
		{ECF1984F-663D-4D45-AFDA-44049FBB2732}.Release|Any CPU.ActiveCfg = Release|Any CPU
		{ECF1984F-663D-4D45-AFDA-44049FBB2732}.Release|Any CPU.Build.0 = Release|Any CPU
	EndGlobalSection
	GlobalSection(SolutionProperties) = preSolution
		HideSolutionNode = FALSE
	EndGlobalSection
	GlobalSection(ExtensibilityGlobals) = postSolution
		SolutionGuid = {31CB00E0-6C28-4CBE-B985-401808200787}
	EndGlobalSection
EndGlobal
